{
  "nodes": {
    "nixpkgs": {
      "locked": {
        "lastModified": 1631135738,
        "narHash": "sha256-igtPHjRUaP5+6C7GuQ05J8ZT6RQ9CKmXMUzHl5tXwdM=",
        "owner": "nixos",
        "repo": "nixpkgs",
        "rev": "276671abd104e83ba7cb0b26f44848489eb0306b",
        "type": "github"
      },
      "original": {
        "owner": "nixos",
        "ref": "nixos-21.05",
        "repo": "nixpkgs",
        "type": "github"
      }
    },
    "root": {
      "inputs": {
        "nixpkgs": "nixpkgs"
      }
    }
  },
  "root": "root",
  "version": 7
}
